{
  "name": "igc-xc-score",
  "version": "1.99.0",
  "lockfileVersion": 2,
  "requires": true,
  "packages": {
    "": {
      "name": "igc-xc-score",
      "version": "1.99.0",
      "license": "LGPL-3.0-or-later",
      "dependencies": {
        "igc-parser": "^0.5.0"
      },
      "bin": {
        "igc-xc-score": "igc-xc-score.js"
      }
    },
    "node_modules/flight-recorder-manufacturers": {
      "version": "1.1.0",
      "resolved": "https://registry.npmjs.org/flight-recorder-manufacturers/-/flight-recorder-manufacturers-1.1.0.tgz",
      "integrity": "sha1-ZmOdXT8zzawUfj/jWnARqJm1Bfk=",
      "engines": {
        "node": ">=6"
      }
    },
    "node_modules/igc-parser": {
      "version": "0.5.0",
      "resolved": "https://registry.npmjs.org/igc-parser/-/igc-parser-0.5.0.tgz",
      "integrity": "sha512-XpuPcl7MTu3H+FPjOpH21AQhZWOeaqFpk/T5M5r63ROxRpLF9idgb6SS7/NyQHXOe1L1pdgDKIErKfkxqp90OA==",
      "dependencies": {
        "flight-recorder-manufacturers": "^1.0.1"
      },
      "engines": {
        "node": ">=6"
      }
    }
  },
  "dependencies": {
    "flight-recorder-manufacturers": {
      "version": "1.1.0",
      "resolved": "https://registry.npmjs.org/flight-recorder-manufacturers/-/flight-recorder-manufacturers-1.1.0.tgz",
      "integrity": "sha1-ZmOdXT8zzawUfj/jWnARqJm1Bfk="
    },
    "igc-parser": {
      "version": "0.5.0",
      "resolved": "https://registry.npmjs.org/igc-parser/-/igc-parser-0.5.0.tgz",
      "integrity": "sha512-XpuPcl7MTu3H+FPjOpH21AQhZWOeaqFpk/T5M5r63ROxRpLF9idgb6SS7/NyQHXOe1L1pdgDKIErKfkxqp90OA==",
      "requires": {
        "flight-recorder-manufacturers": "^1.0.1"
      }
    }
  }
}
